
Microsoft Visual Studio Solution File, Format Version 12.00
# Visual Studio Version 17
VisualStudioVersion = 17.9.34728.123
MinimumVisualStudioVersion = 10.0.40219.1
Project("{68E7787F-CAF3-47E8-8718-6F72BA1D228B}") = "Mag", "Mag.csproj", "{E74D113E-AC37-4ED1-A737-6B80D739E4E6}"
EndProject
Global
	GlobalSection(SolutionConfigurationPlatforms) = preSolution
		Debug|Any CPU = Debug|Any CPU
		Release|Any CPU = Release|Any CPU
	EndGlobalSection
	GlobalSection(ProjectConfigurationPlatforms) = postSolution
		{E74D113E-AC37-4ED1-A737-6B80D739E4E6}.Debug|Any CPU.ActiveCfg = Debug|Any CPU
		{E74D113E-AC37-4ED1-A737-6B80D739E4E6}.Debug|Any CPU.Build.0 = Debug|Any CPU
		{E74D113E-AC37-4ED1-A737-6B80D739E4E6}.Release|Any CPU.ActiveCfg = Release|Any CPU
		{E74D113E-AC37-4ED1-A737-6B80D739E4E6}.Release|Any CPU.Build.0 = Release|Any CPU
	EndGlobalSection
	GlobalSection(SolutionProperties) = preSolution
		HideSolutionNode = FALSE
	EndGlobalSection
	GlobalSection(ExtensibilityGlobals) = postSolution
		SolutionGuid = {99EB5524-D89F-48F5-8FF5-69A512CF73F1}
	EndGlobalSection
EndGlobal
